{
  "name": "ts-nats-examples",
  "version": "1.0.0",
  "lockfileVersion": 1,
  "requires": true,
  "dependencies": {
    "lodash": {
      "version": "4.17.10",
      "resolved": "https://registry.npmjs.org/lodash/-/lodash-4.17.10.tgz",
      "integrity": "sha512-UejweD1pDoXu+AD825lWwp4ZGtSwgnpZxb3JDViD7StjQz+Nb/6l093lx4OQ0foGWNRoc19mWy7BzL+UAK2iVg=="
    },
    "nuid": {
      "version": "1.0.0",
      "resolved": "https://registry.npmjs.org/nuid/-/nuid-1.0.0.tgz",
      "integrity": "sha512-046ukkoG8NXjiJMpQYLpGhYJIXJlClt2rDlnubCXN1/pztO/YTD2WkhyBZsEADsUwVtVMv5UmC0B2QrT5sZiDQ=="
    },
    "ts-nats": {
      "version": "github:nats-io/ts-nats#3e1065a0a21b7844e14df5093051bed8ef0cfe04",
      "from": "github:nats-io/ts-nats",
      "requires": {
        "lodash": "^4.17.10",
        "nuid": "^1.0.0"
      }
    }
  }
}
