{
  "name": "ts-nats-examples",
  "version": "1.0.0",
  "lockfileVersion": 1,
  "requires": true,
  "dependencies": {
    "@types/node": {
      "version": "10.5.3",
      "resolved": "https://registry.npmjs.org/@types/node/-/node-10.5.3.tgz",
      "integrity": "sha512-jQ1p+SyF/z8ygPxfSPKZKMWazlCgTBSyIaC1UCUvkLHDdxdmPQtQFk02X4WFM31Z1BKMAS3MSAK0cRP2c92n6Q==",
      "dev": true
    },
    "lodash": {
      "version": "4.17.10",
      "resolved": "https://registry.npmjs.org/lodash/-/lodash-4.17.10.tgz",
      "integrity": "sha512-UejweD1pDoXu+AD825lWwp4ZGtSwgnpZxb3JDViD7StjQz+Nb/6l093lx4OQ0foGWNRoc19mWy7BzL+UAK2iVg=="
    },
    "nuid": {
      "version": "1.0.0",
      "resolved": "https://registry.npmjs.org/nuid/-/nuid-1.0.0.tgz",
      "integrity": "sha512-046ukkoG8NXjiJMpQYLpGhYJIXJlClt2rDlnubCXN1/pztO/YTD2WkhyBZsEADsUwVtVMv5UmC0B2QrT5sZiDQ=="
    },
    "stackback": {
      "version": "0.0.2",
      "resolved": "https://registry.npmjs.org/stackback/-/stackback-0.0.2.tgz",
      "integrity": "sha1-Gsig2Ug4SNFpXkGLbQMaPDzmjjs=",
      "dev": true
    },
    "ts-nats": {
      "version": "0.0.10",
      "resolved": "https://registry.npmjs.org/ts-nats/-/ts-nats-0.0.10.tgz",
      "integrity": "sha512-AgFWvbCOxjJ2y8jOfBvo0B9O9rTfj/EbnDrjZm5zMPXaY8kYdKHhKn6QaFtE7X7qYQ/2klbRi3WiPPvDNNIqvw==",
      "requires": {
        "lodash": "^4.17.10",
        "nuid": "^1.0.0"
      }
    },
    "why-is-node-running": {
      "version": "2.0.2",
      "resolved": "https://registry.npmjs.org/why-is-node-running/-/why-is-node-running-2.0.2.tgz",
      "integrity": "sha512-tZABMETAIVjlRGn66r9GPBxboN41ECwYl7dlKABxMY4ow/XyMkSF67h7k206Y+K75VB2kB4Ymx+BfYlB2I3Opw==",
      "dev": true,
      "requires": {
        "stackback": "0.0.2"
      }
    }
  }
}
